
Microsoft Visual Studio Solution File, Format Version 12.00
# Visual Studio Version 17
VisualStudioVersion = 17.6.33801.468
MinimumVisualStudioVersion = 10.0.40219.1
Project("{9A19103F-16F7-4668-BE54-9A1E7A4F7556}") = "OfferCount.Domain", "OfferCount.Domain\OfferCount.Domain.csproj", "{D9150B1F-C16E-411A-9C6B-C32C64A210FB}"
EndProject
Project("{2150E333-8FDC-42A3-9474-1A3956D46DE8}") = "src", "src", "{DA18CCA5-6C5F-49CF-9F1B-1EB9A009B1F7}"
EndProject
Project("{2150E333-8FDC-42A3-9474-1A3956D46DE8}") = "test", "test", "{4D49212C-116A-4E05-A12B-0F799706B76C}"
EndProject
Project("{FAE04EC0-301F-11D3-BF4B-00C04F79EFBC}") = "OfferCount.Domain.Test", "OfferCount.Domain.Test\OfferCount.Domain.Test.csproj", "{C7AD57C4-75D2-4657-9AAB-E9D1C06A2A95}"
EndProject
Global
	GlobalSection(SolutionConfigurationPlatforms) = preSolution
		Debug|Any CPU = Debug|Any CPU
		Release|Any CPU = Release|Any CPU
	EndGlobalSection
	GlobalSection(ProjectConfigurationPlatforms) = postSolution
		{D9150B1F-C16E-411A-9C6B-C32C64A210FB}.Debug|Any CPU.ActiveCfg = Debug|Any CPU
		{D9150B1F-C16E-411A-9C6B-C32C64A210FB}.Debug|Any CPU.Build.0 = Debug|Any CPU
		{D9150B1F-C16E-411A-9C6B-C32C64A210FB}.Release|Any CPU.ActiveCfg = Release|Any CPU
		{D9150B1F-C16E-411A-9C6B-C32C64A210FB}.Release|Any CPU.Build.0 = Release|Any CPU
		{C7AD57C4-75D2-4657-9AAB-E9D1C06A2A95}.Debug|Any CPU.ActiveCfg = Debug|Any CPU
		{C7AD57C4-75D2-4657-9AAB-E9D1C06A2A95}.Debug|Any CPU.Build.0 = Debug|Any CPU
		{C7AD57C4-75D2-4657-9AAB-E9D1C06A2A95}.Release|Any CPU.ActiveCfg = Release|Any CPU
		{C7AD57C4-75D2-4657-9AAB-E9D1C06A2A95}.Release|Any CPU.Build.0 = Release|Any CPU
	EndGlobalSection
	GlobalSection(SolutionProperties) = preSolution
		HideSolutionNode = FALSE
	EndGlobalSection
	GlobalSection(NestedProjects) = preSolution
		{D9150B1F-C16E-411A-9C6B-C32C64A210FB} = {DA18CCA5-6C5F-49CF-9F1B-1EB9A009B1F7}
		{C7AD57C4-75D2-4657-9AAB-E9D1C06A2A95} = {4D49212C-116A-4E05-A12B-0F799706B76C}
	EndGlobalSection
	GlobalSection(ExtensibilityGlobals) = postSolution
		SolutionGuid = {B52AA55F-AC80-4814-B11A-5106A1C6467C}
	EndGlobalSection
EndGlobal
